{
  "object": {
    "pins": [
      {
        "package": "Flow",
        "repositoryURL": "/Users/levieggert/Git-Sourcetree/flow-ios",
        "state": {
          "branch": null,
          "revision": "156a2369d92b1884e867ce350b7d355e48f3bf50",
          "version": "1.0.2"
        }
      }
    ]
  },
  "version": 1
}
