{
  "object": {
    "pins": [
      {
        "package": "Flow",
        "repositoryURL": "/Users/levieggert/Git-Sourcetree/flow-ios",
        "state": {
          "branch": null,
          "revision": "902591a06311d512ef3c0e5ad04d3c481bfb6dec",
          "version": "1.0.2"
        }
      }
    ]
  },
  "version": 1
}
